
Microsoft Visual Studio Solution File, Format Version 12.00
# Visual Studio Version 17
VisualStudioVersion = 17.6.33829.357
MinimumVisualStudioVersion = 10.0.40219.1
Project("{9A19103F-16F7-4668-BE54-9A1E7A4F7556}") = "Lab2", "Lab2\Lab2.csproj", "{D77D352C-FFF5-4274-9921-F11083717C34}"
EndProject
Project("{9A19103F-16F7-4668-BE54-9A1E7A4F7556}") = "Laboratorium 3 - App", "Laboratorium 3 - App\Laboratorium 3 - App.csproj", "{96189677-C77E-4863-8005-F32AA8060009}"
EndProject
Project("{FAE04EC0-301F-11D3-BF4B-00C04F79EFBC}") = "Laboratorium1", "Laboratorium1\Laboratorium1.csproj", "{6E5C30F4-7ED7-4CF8-83DE-33C0492C06F4}"
EndProject
Project("{FAE04EC0-301F-11D3-BF4B-00C04F79EFBC}") = "Lab4", "Lab4\Lab4.csproj", "{0166571A-D7E1-4345-8C04-140859FE5628}"
EndProject
Global
	GlobalSection(SolutionConfigurationPlatforms) = preSolution
		Debug|Any CPU = Debug|Any CPU
		Release|Any CPU = Release|Any CPU
	EndGlobalSection
	GlobalSection(ProjectConfigurationPlatforms) = postSolution
		{D77D352C-FFF5-4274-9921-F11083717C34}.Debug|Any CPU.ActiveCfg = Debug|Any CPU
		{D77D352C-FFF5-4274-9921-F11083717C34}.Debug|Any CPU.Build.0 = Debug|Any CPU
		{D77D352C-FFF5-4274-9921-F11083717C34}.Release|Any CPU.ActiveCfg = Release|Any CPU
		{D77D352C-FFF5-4274-9921-F11083717C34}.Release|Any CPU.Build.0 = Release|Any CPU
		{96189677-C77E-4863-8005-F32AA8060009}.Debug|Any CPU.ActiveCfg = Debug|Any CPU
		{96189677-C77E-4863-8005-F32AA8060009}.Debug|Any CPU.Build.0 = Debug|Any CPU
		{96189677-C77E-4863-8005-F32AA8060009}.Release|Any CPU.ActiveCfg = Release|Any CPU
		{96189677-C77E-4863-8005-F32AA8060009}.Release|Any CPU.Build.0 = Release|Any CPU
		{6E5C30F4-7ED7-4CF8-83DE-33C0492C06F4}.Debug|Any CPU.ActiveCfg = Debug|Any CPU
		{6E5C30F4-7ED7-4CF8-83DE-33C0492C06F4}.Debug|Any CPU.Build.0 = Debug|Any CPU
		{6E5C30F4-7ED7-4CF8-83DE-33C0492C06F4}.Release|Any CPU.ActiveCfg = Release|Any CPU
		{6E5C30F4-7ED7-4CF8-83DE-33C0492C06F4}.Release|Any CPU.Build.0 = Release|Any CPU
		{0166571A-D7E1-4345-8C04-140859FE5628}.Debug|Any CPU.ActiveCfg = Debug|Any CPU
		{0166571A-D7E1-4345-8C04-140859FE5628}.Debug|Any CPU.Build.0 = Debug|Any CPU
		{0166571A-D7E1-4345-8C04-140859FE5628}.Release|Any CPU.ActiveCfg = Release|Any CPU
		{0166571A-D7E1-4345-8C04-140859FE5628}.Release|Any CPU.Build.0 = Release|Any CPU
	EndGlobalSection
	GlobalSection(SolutionProperties) = preSolution
		HideSolutionNode = FALSE
	EndGlobalSection
	GlobalSection(ExtensibilityGlobals) = postSolution
		SolutionGuid = {D9D68F4B-A0BC-4DD5-AD39-49A488BC78AA}
	EndGlobalSection
EndGlobal
